
Microsoft Visual Studio Solution File, Format Version 12.00
# Visual Studio Version 16
VisualStudioVersion = 16.0.31112.23
MinimumVisualStudioVersion = 10.0.40219.1
Project("{2150E333-8FDC-42A3-9474-1A3956D46DE8}") = "Services", "Services", "{50855336-ACB7-4571-8371-6BB21AB6816E}"
EndProject
Project("{2150E333-8FDC-42A3-9474-1A3956D46DE8}") = "Catalog", "Catalog", "{7B019212-D8A3-4534-83F9-58511155B460}"
EndProject
Project("{9A19103F-16F7-4668-BE54-9A1E7A4F7556}") = "Catalog.API", "Services\Catalog\Catalog.API\Catalog.API.csproj", "{F3FF5961-D477-4F4C-B69E-82368FACF711}"
EndProject
Project("{E53339B2-1760-4266-BCC7-CA923CBCF16C}") = "docker-compose", "docker-compose.dcproj", "{07622CA6-70F2-4769-BC7A-60D866B9FC70}"
EndProject
Project("{2150E333-8FDC-42A3-9474-1A3956D46DE8}") = "Basket", "Basket", "{0FB57329-DA31-4D54-8313-4EB467007EAA}"
EndProject
Project("{9A19103F-16F7-4668-BE54-9A1E7A4F7556}") = "Basket.API", "Services\Basket\Basket.API\Basket.API.csproj", "{0F07DBB1-6BD6-43D8-8386-EA69FA56C3BA}"
EndProject
Project("{2150E333-8FDC-42A3-9474-1A3956D46DE8}") = "Discount", "Discount", "{67FBDDE8-91BF-4A6E-874B-9D92155A268D}"
EndProject
Project("{9A19103F-16F7-4668-BE54-9A1E7A4F7556}") = "Discount.API", "Services\Discount\Discount.API\Discount.API.csproj", "{FBDCEE6C-35D7-45A8-AB62-20855D9CA594}"
EndProject
Project("{9A19103F-16F7-4668-BE54-9A1E7A4F7556}") = "Discount.Grpc", "Services\Discount\Discount.Grpc\Discount.Grpc.csproj", "{193B3038-AFB7-47C5-9C3E-591AD40CCBF3}"
EndProject
Project("{2150E333-8FDC-42A3-9474-1A3956D46DE8}") = "Ordering", "Ordering", "{1349703F-57F6-4DD3-BE66-4EBB7BDF9CF2}"
EndProject
Project("{FAE04EC0-301F-11D3-BF4B-00C04F79EFBC}") = "Ordering.API", "Services\Ordering\Ordering.API\Ordering.API.csproj", "{F420EEE2-9E42-491F-8168-EC8E2C8E6244}"
EndProject
Project("{FAE04EC0-301F-11D3-BF4B-00C04F79EFBC}") = "Ordering.Domain", "Services\Ordering\Ordering.Domain\Ordering.Domain.csproj", "{6F1ED55F-E34E-49B9-AC30-1D459999BD40}"
EndProject
Project("{FAE04EC0-301F-11D3-BF4B-00C04F79EFBC}") = "Ordering.Application", "Services\Ordering\Ordering.Application\Ordering.Application.csproj", "{BCFC9275-B5DC-4C9E-8917-2C0F6AE95246}"
EndProject
Project("{FAE04EC0-301F-11D3-BF4B-00C04F79EFBC}") = "Ordering.Infrastructure", "Services\Ordering\Ordering.Infrastructure\Ordering.Infrastructure.csproj", "{737757C2-ACC2-4021-9D56-99EA7F39A919}"
EndProject
Global
	GlobalSection(SolutionConfigurationPlatforms) = preSolution
		Debug|Any CPU = Debug|Any CPU
		Release|Any CPU = Release|Any CPU
	EndGlobalSection
	GlobalSection(ProjectConfigurationPlatforms) = postSolution
		{F3FF5961-D477-4F4C-B69E-82368FACF711}.Debug|Any CPU.ActiveCfg = Debug|Any CPU
		{F3FF5961-D477-4F4C-B69E-82368FACF711}.Debug|Any CPU.Build.0 = Debug|Any CPU
		{F3FF5961-D477-4F4C-B69E-82368FACF711}.Release|Any CPU.ActiveCfg = Release|Any CPU
		{F3FF5961-D477-4F4C-B69E-82368FACF711}.Release|Any CPU.Build.0 = Release|Any CPU
		{07622CA6-70F2-4769-BC7A-60D866B9FC70}.Debug|Any CPU.ActiveCfg = Debug|Any CPU
		{07622CA6-70F2-4769-BC7A-60D866B9FC70}.Debug|Any CPU.Build.0 = Debug|Any CPU
		{07622CA6-70F2-4769-BC7A-60D866B9FC70}.Release|Any CPU.ActiveCfg = Release|Any CPU
		{07622CA6-70F2-4769-BC7A-60D866B9FC70}.Release|Any CPU.Build.0 = Release|Any CPU
		{0F07DBB1-6BD6-43D8-8386-EA69FA56C3BA}.Debug|Any CPU.ActiveCfg = Debug|Any CPU
		{0F07DBB1-6BD6-43D8-8386-EA69FA56C3BA}.Debug|Any CPU.Build.0 = Debug|Any CPU
		{0F07DBB1-6BD6-43D8-8386-EA69FA56C3BA}.Release|Any CPU.ActiveCfg = Release|Any CPU
		{0F07DBB1-6BD6-43D8-8386-EA69FA56C3BA}.Release|Any CPU.Build.0 = Release|Any CPU
		{FBDCEE6C-35D7-45A8-AB62-20855D9CA594}.Debug|Any CPU.ActiveCfg = Debug|Any CPU
		{FBDCEE6C-35D7-45A8-AB62-20855D9CA594}.Debug|Any CPU.Build.0 = Debug|Any CPU
		{FBDCEE6C-35D7-45A8-AB62-20855D9CA594}.Release|Any CPU.ActiveCfg = Release|Any CPU
		{FBDCEE6C-35D7-45A8-AB62-20855D9CA594}.Release|Any CPU.Build.0 = Release|Any CPU
		{193B3038-AFB7-47C5-9C3E-591AD40CCBF3}.Debug|Any CPU.ActiveCfg = Debug|Any CPU
		{193B3038-AFB7-47C5-9C3E-591AD40CCBF3}.Debug|Any CPU.Build.0 = Debug|Any CPU
		{193B3038-AFB7-47C5-9C3E-591AD40CCBF3}.Release|Any CPU.ActiveCfg = Release|Any CPU
		{193B3038-AFB7-47C5-9C3E-591AD40CCBF3}.Release|Any CPU.Build.0 = Release|Any CPU
		{F420EEE2-9E42-491F-8168-EC8E2C8E6244}.Debug|Any CPU.ActiveCfg = Debug|Any CPU
		{F420EEE2-9E42-491F-8168-EC8E2C8E6244}.Debug|Any CPU.Build.0 = Debug|Any CPU
		{F420EEE2-9E42-491F-8168-EC8E2C8E6244}.Release|Any CPU.ActiveCfg = Release|Any CPU
		{F420EEE2-9E42-491F-8168-EC8E2C8E6244}.Release|Any CPU.Build.0 = Release|Any CPU
		{6F1ED55F-E34E-49B9-AC30-1D459999BD40}.Debug|Any CPU.ActiveCfg = Debug|Any CPU
		{6F1ED55F-E34E-49B9-AC30-1D459999BD40}.Debug|Any CPU.Build.0 = Debug|Any CPU
		{6F1ED55F-E34E-49B9-AC30-1D459999BD40}.Release|Any CPU.ActiveCfg = Release|Any CPU
		{6F1ED55F-E34E-49B9-AC30-1D459999BD40}.Release|Any CPU.Build.0 = Release|Any CPU
		{BCFC9275-B5DC-4C9E-8917-2C0F6AE95246}.Debug|Any CPU.ActiveCfg = Debug|Any CPU
		{BCFC9275-B5DC-4C9E-8917-2C0F6AE95246}.Debug|Any CPU.Build.0 = Debug|Any CPU
		{BCFC9275-B5DC-4C9E-8917-2C0F6AE95246}.Release|Any CPU.ActiveCfg = Release|Any CPU
		{BCFC9275-B5DC-4C9E-8917-2C0F6AE95246}.Release|Any CPU.Build.0 = Release|Any CPU
		{737757C2-ACC2-4021-9D56-99EA7F39A919}.Debug|Any CPU.ActiveCfg = Debug|Any CPU
		{737757C2-ACC2-4021-9D56-99EA7F39A919}.Debug|Any CPU.Build.0 = Debug|Any CPU
		{737757C2-ACC2-4021-9D56-99EA7F39A919}.Release|Any CPU.ActiveCfg = Release|Any CPU
		{737757C2-ACC2-4021-9D56-99EA7F39A919}.Release|Any CPU.Build.0 = Release|Any CPU
	EndGlobalSection
	GlobalSection(SolutionProperties) = preSolution
		HideSolutionNode = FALSE
	EndGlobalSection
	GlobalSection(NestedProjects) = preSolution
		{7B019212-D8A3-4534-83F9-58511155B460} = {50855336-ACB7-4571-8371-6BB21AB6816E}
		{F3FF5961-D477-4F4C-B69E-82368FACF711} = {7B019212-D8A3-4534-83F9-58511155B460}
		{0FB57329-DA31-4D54-8313-4EB467007EAA} = {50855336-ACB7-4571-8371-6BB21AB6816E}
		{0F07DBB1-6BD6-43D8-8386-EA69FA56C3BA} = {0FB57329-DA31-4D54-8313-4EB467007EAA}
		{67FBDDE8-91BF-4A6E-874B-9D92155A268D} = {50855336-ACB7-4571-8371-6BB21AB6816E}
		{FBDCEE6C-35D7-45A8-AB62-20855D9CA594} = {67FBDDE8-91BF-4A6E-874B-9D92155A268D}
		{193B3038-AFB7-47C5-9C3E-591AD40CCBF3} = {67FBDDE8-91BF-4A6E-874B-9D92155A268D}
		{1349703F-57F6-4DD3-BE66-4EBB7BDF9CF2} = {50855336-ACB7-4571-8371-6BB21AB6816E}
		{F420EEE2-9E42-491F-8168-EC8E2C8E6244} = {1349703F-57F6-4DD3-BE66-4EBB7BDF9CF2}
		{6F1ED55F-E34E-49B9-AC30-1D459999BD40} = {1349703F-57F6-4DD3-BE66-4EBB7BDF9CF2}
		{BCFC9275-B5DC-4C9E-8917-2C0F6AE95246} = {1349703F-57F6-4DD3-BE66-4EBB7BDF9CF2}
		{737757C2-ACC2-4021-9D56-99EA7F39A919} = {1349703F-57F6-4DD3-BE66-4EBB7BDF9CF2}
	EndGlobalSection
	GlobalSection(ExtensibilityGlobals) = postSolution
		SolutionGuid = {E70DAE2E-A05A-48F0-A14B-453AB359A2AA}
	EndGlobalSection
EndGlobal
